
Microsoft Visual Studio Solution File, Format Version 12.00
# Visual Studio Version 16
VisualStudioVersion = 16.0.31624.102
MinimumVisualStudioVersion = 10.0.40219.1
Project("{FAE04EC0-301F-11D3-BF4B-00C04F79EFBC}") = "HotelTask", "HotelTask\HotelTask.csproj", "{C760965F-FEC1-47E1-8AF5-AFC790F62B13}"
EndProject
Global
	GlobalSection(SolutionConfigurationPlatforms) = preSolution
		Debug|Any CPU = Debug|Any CPU
		Release|Any CPU = Release|Any CPU
	EndGlobalSection
	GlobalSection(ProjectConfigurationPlatforms) = postSolution
		{C760965F-FEC1-47E1-8AF5-AFC790F62B13}.Debug|Any CPU.ActiveCfg = Debug|Any CPU
		{C760965F-FEC1-47E1-8AF5-AFC790F62B13}.Debug|Any CPU.Build.0 = Debug|Any CPU
		{C760965F-FEC1-47E1-8AF5-AFC790F62B13}.Release|Any CPU.ActiveCfg = Release|Any CPU
		{C760965F-FEC1-47E1-8AF5-AFC790F62B13}.Release|Any CPU.Build.0 = Release|Any CPU
	EndGlobalSection
	GlobalSection(SolutionProperties) = preSolution
		HideSolutionNode = FALSE
	EndGlobalSection
	GlobalSection(ExtensibilityGlobals) = postSolution
		SolutionGuid = {743A4ADB-9D3B-4B71-83AA-64AB7F2C412A}
	EndGlobalSection
EndGlobal
